
Microsoft Visual Studio Solution File, Format Version 12.00
# Visual Studio Version 16
VisualStudioVersion = 16.0.29519.87
MinimumVisualStudioVersion = 10.0.40219.1
Project("{FAE04EC0-301F-11D3-BF4B-00C04F79EFBC}") = "LoginMd", "LoginMd\LoginMd.csproj", "{FE833A5D-9A65-4CF7-9FAF-85C3386EBAF9}"
EndProject
Project("{FAE04EC0-301F-11D3-BF4B-00C04F79EFBC}") = "DAL", "DAL\DAL.csproj", "{B30252E8-3A3E-4721-8D86-6345EDB82239}"
EndProject
Project("{FAE04EC0-301F-11D3-BF4B-00C04F79EFBC}") = "BLL", "BLL\BLL.csproj", "{CCFE8AED-E4AD-4876-B571-B40AF12C306D}"
EndProject
Global
	GlobalSection(SolutionConfigurationPlatforms) = preSolution
		Debug|Any CPU = Debug|Any CPU
		Release|Any CPU = Release|Any CPU
	EndGlobalSection
	GlobalSection(ProjectConfigurationPlatforms) = postSolution
		{FE833A5D-9A65-4CF7-9FAF-85C3386EBAF9}.Debug|Any CPU.ActiveCfg = Debug|Any CPU
		{FE833A5D-9A65-4CF7-9FAF-85C3386EBAF9}.Debug|Any CPU.Build.0 = Debug|Any CPU
		{FE833A5D-9A65-4CF7-9FAF-85C3386EBAF9}.Release|Any CPU.ActiveCfg = Release|Any CPU
		{FE833A5D-9A65-4CF7-9FAF-85C3386EBAF9}.Release|Any CPU.Build.0 = Release|Any CPU
		{B30252E8-3A3E-4721-8D86-6345EDB82239}.Debug|Any CPU.ActiveCfg = Debug|Any CPU
		{B30252E8-3A3E-4721-8D86-6345EDB82239}.Debug|Any CPU.Build.0 = Debug|Any CPU
		{B30252E8-3A3E-4721-8D86-6345EDB82239}.Release|Any CPU.ActiveCfg = Release|Any CPU
		{B30252E8-3A3E-4721-8D86-6345EDB82239}.Release|Any CPU.Build.0 = Release|Any CPU
		{CCFE8AED-E4AD-4876-B571-B40AF12C306D}.Debug|Any CPU.ActiveCfg = Debug|Any CPU
		{CCFE8AED-E4AD-4876-B571-B40AF12C306D}.Debug|Any CPU.Build.0 = Debug|Any CPU
		{CCFE8AED-E4AD-4876-B571-B40AF12C306D}.Release|Any CPU.ActiveCfg = Release|Any CPU
		{CCFE8AED-E4AD-4876-B571-B40AF12C306D}.Release|Any CPU.Build.0 = Release|Any CPU
	EndGlobalSection
	GlobalSection(SolutionProperties) = preSolution
		HideSolutionNode = FALSE
	EndGlobalSection
	GlobalSection(ExtensibilityGlobals) = postSolution
		SolutionGuid = {FCDB14E3-527C-4047-9937-55D6F47B022D}
	EndGlobalSection
EndGlobal
